
Microsoft Visual Studio Solution File, Format Version 12.00
# Visual Studio Version 16
VisualStudioVersion = 16.0.30523.141
MinimumVisualStudioVersion = 10.0.40219.1
Project("{FAE04EC0-301F-11D3-BF4B-00C04F79EFBC}") = "ATMLab1", "ATMLab1\ATMLab1.csproj", "{28F99413-D594-430F-84B7-05D2C364268F}"
EndProject
Global
	GlobalSection(SolutionConfigurationPlatforms) = preSolution
		Debug|Any CPU = Debug|Any CPU
		Release|Any CPU = Release|Any CPU
	EndGlobalSection
	GlobalSection(ProjectConfigurationPlatforms) = postSolution
		{28F99413-D594-430F-84B7-05D2C364268F}.Debug|Any CPU.ActiveCfg = Debug|Any CPU
		{28F99413-D594-430F-84B7-05D2C364268F}.Debug|Any CPU.Build.0 = Debug|Any CPU
		{28F99413-D594-430F-84B7-05D2C364268F}.Release|Any CPU.ActiveCfg = Release|Any CPU
		{28F99413-D594-430F-84B7-05D2C364268F}.Release|Any CPU.Build.0 = Release|Any CPU
	EndGlobalSection
	GlobalSection(SolutionProperties) = preSolution
		HideSolutionNode = FALSE
	EndGlobalSection
	GlobalSection(ExtensibilityGlobals) = postSolution
		SolutionGuid = {FB6D56D5-EF76-4B5F-B04C-C342E9A0E318}
	EndGlobalSection
EndGlobal
